<?xml version="1.0" encoding="utf-8"?>
<Project ToolsVersion="4.0" xmlns="http://schemas.microsoft.com/developer/msbuild/2003">
  <ItemGroup>
    <FxCompile Include="Simple2D.hlsl" />
    <FxCompile Include="Simple3D.hlsl" />
  </ItemGroup>
  <ItemGroup>
    <ClCompile Include="Building.cpp" />
    <ClCompile Include="Course.cpp" />
    <ClCompile Include="CSVReader.cpp" />
    <ClCompile Include="Engine\Time.cpp" />
    <ClCompile Include="Ghost.cpp" />
    <ClCompile Include="GoalObject.cpp" />
    <ClCompile Include="Main.cpp" />
    <ClCompile Include="Navigation.cpp" />
    <ClCompile Include="Observer.cpp" />
    <ClCompile Include="Option.cpp" />
    <ClCompile Include="Storage.cpp" />
    <ClCompile Include="Engine\Audio.cpp">
      <Filter>Engine</Filter>
    </ClCompile>
    <ClCompile Include="Image\Button.cpp">
      <Filter>Image</Filter>
    </ClCompile>
    <ClCompile Include="Engine\Camera.cpp">
      <Filter>Engine</Filter>
    </ClCompile>
    <ClCompile Include="Airframe.cpp">
      <Filter>Airframe</Filter>
    </ClCompile>
    <ClCompile Include="Parts\BodyParts.cpp">
      <Filter>Airframe</Filter>
    </ClCompile>
    <ClCompile Include="Computer.cpp">
      <Filter>Airframe</Filter>
    </ClCompile>
    <ClCompile Include="Parts\CookpitParts.cpp">
      <Filter>Airframe</Filter>
    </ClCompile>
    <ClCompile Include="Engine\Direct3D.cpp">
      <Filter>Engine</Filter>
    </ClCompile>
    <ClCompile Include="Engine\Fbx.cpp">
      <Filter>Engine</Filter>
    </ClCompile>
    <ClCompile Include="Engine\GameObject.cpp">
      <Filter>Engine</Filter>
    </ClCompile>
    <ClCompile Include="Engine\Image.cpp">
      <Filter>Engine</Filter>
    </ClCompile>
    <ClCompile Include="Engine\Input.cpp">
      <Filter>Engine</Filter>
    </ClCompile>
    <ClCompile Include="Engine\Math.cpp">
      <Filter>Engine</Filter>
    </ClCompile>
    <ClCompile Include="Engine\Model.cpp">
      <Filter>Engine</Filter>
    </ClCompile>
    <ClCompile Include="Engine\RootJob.cpp">
      <Filter>Engine</Filter>
    </ClCompile>
    <ClCompile Include="Engine\SceneManager.cpp">
      <Filter>Engine</Filter>
    </ClCompile>
    <ClCompile Include="Engine\SphereCollider.cpp">
      <Filter>Engine</Filter>
    </ClCompile>
    <ClCompile Include="Engine\Sprite.cpp">
      <Filter>Engine</Filter>
    </ClCompile>
    <ClCompile Include="Engine\Texture.cpp">
      <Filter>Engine</Filter>
    </ClCompile>
    <ClCompile Include="Engine\Transform.cpp">
      <Filter>Engine</Filter>
    </ClCompile>
    <ClCompile Include="Parts\WingParts.cpp">
      <Filter>Airframe</Filter>
    </ClCompile>
    <ClCompile Include="Parts\EnginParts.cpp">
      <Filter>Airframe</Filter>
    </ClCompile>
    <ClCompile Include="Parts\Parts.cpp">
      <Filter>Airframe</Filter>
    </ClCompile>
    <ClCompile Include="Parts\PartsUnion.cpp">
      <Filter>Airframe</Filter>
    </ClCompile>
    <ClCompile Include="Image\CouseMap.cpp">
      <Filter>Image</Filter>
    </ClCompile>
    <ClCompile Include="Icon\PlayerIcon.cpp">
      <Filter>Airframe</Filter>
    </ClCompile>
    <ClCompile Include="Icon\AirframeIcon.cpp">
      <Filter>Airframe</Filter>
    </ClCompile>
    <ClCompile Include="Icon\ComputerIcon.cpp">
      <Filter>Airframe</Filter>
    </ClCompile>
    <ClCompile Include="Player.cpp">
      <Filter>Airframe</Filter>
    </ClCompile>
    <ClCompile Include="Image\BeforCustomImage.cpp">
      <Filter>Image\Custom</Filter>
    </ClCompile>
    <ClCompile Include="Image\AfterCustomImage.cpp">
      <Filter>Image\Custom</Filter>
    </ClCompile>
    <ClCompile Include="Image\ChangeStatus.cpp">
      <Filter>Image\Custom</Filter>
    </ClCompile>
    <ClCompile Include="Image\CurrentStatus.cpp">
      <Filter>Image\Custom</Filter>
    </ClCompile>
    <ClCompile Include="Image\OriginalStatus.cpp">
      <Filter>Image\Custom</Filter>
    </ClCompile>
    <ClCompile Include="Image\PartsList.cpp">
      <Filter>Image\Custom</Filter>
    </ClCompile>
    <ClCompile Include="Image\Background.cpp">
      <Filter>Image\Background</Filter>
    </ClCompile>
    <ClCompile Include="Image\LobbyBackground.cpp">
      <Filter>Image\Background</Filter>
    </ClCompile>
    <ClCompile Include="Image\MatchingBackground.cpp">
      <Filter>Image\Background</Filter>
    </ClCompile>
    <ClCompile Include="Image\PlayBackground.cpp">
      <Filter>Image\Background</Filter>
    </ClCompile>
    <ClCompile Include="Image\ButtonArrangement.cpp">
      <Filter>Image\Option</Filter>
    </ClCompile>
    <ClCompile Include="Image\TitleImage.cpp">
      <Filter>Image\Title</Filter>
    </ClCompile>
    <ClCompile Include="Image\TitleName.cpp">
      <Filter>Image\Title</Filter>
    </ClCompile>
    <ClCompile Include="Image\LobbyImage.cpp">
      <Filter>Image\Lobby</Filter>
    </ClCompile>
    <ClCompile Include="Image\ModeSelection.cpp">
      <Filter>Image\Lobby</Filter>
    </ClCompile>
    <ClCompile Include="Image\ResultImage.cpp">
      <Filter>Image\Result</Filter>
    </ClCompile>
    <ClCompile Include="Image\MatchingCourse.cpp">
      <Filter>Image\Matching</Filter>
    </ClCompile>
    <ClCompile Include="Image\MatchingImage.cpp">
      <Filter>Image\Matching</Filter>
    </ClCompile>
    <ClCompile Include="CustomScene.cpp">
      <Filter>Scene\Custom</Filter>
    </ClCompile>
    <ClCompile Include="LobbyScene.cpp">
      <Filter>Scene\Lobby</Filter>
    </ClCompile>
    <ClCompile Include="MatchingScene.cpp">
      <Filter>Scene\Matching</Filter>
    </ClCompile>
    <ClCompile Include="OptionScene.cpp">
      <Filter>Scene\Option</Filter>
    </ClCompile>
    <ClCompile Include="PlayScene.cpp">
      <Filter>Scene\Play</Filter>
    </ClCompile>
    <ClCompile Include="ResultScene.cpp">
      <Filter>Scene\Result</Filter>
    </ClCompile>
    <ClCompile Include="TitleScene.cpp">
      <Filter>Scene\Title</Filter>
    </ClCompile>
    <ClCompile Include="SplashScene.cpp">
      <Filter>Scene\Splash</Filter>
    </ClCompile>
    <ClCompile Include="Image\OptionImage.cpp">
      <Filter>Image\Option</Filter>
    </ClCompile>
  </ItemGroup>
  <ItemGroup>
    <ClInclude Include="Building.h" />
    <ClInclude Include="Course.h" />
    <ClInclude Include="CSVReader.h" />
    <ClInclude Include="Engine\Time.h" />
    <ClInclude Include="Ghost.h" />
    <ClInclude Include="GoalObject.h" />
    <ClInclude Include="Navigation.h" />
    <ClInclude Include="Observer.h" />
    <ClInclude Include="Option.h" />
    <ClInclude Include="Storage.h" />
    <ClInclude Include="Engine\Audio.h">
      <Filter>Engine</Filter>
    </ClInclude>
    <ClInclude Include="Image\Button.h">
      <Filter>Image</Filter>
    </ClInclude>
    <ClInclude Include="Engine\Camera.h">
      <Filter>Engine</Filter>
    </ClInclude>
    <ClInclude Include="Airframe.h">
      <Filter>Airframe</Filter>
    </ClInclude>
    <ClInclude Include="Parts\BodyParts.h">
      <Filter>Airframe</Filter>
    </ClInclude>
    <ClInclude Include="Computer.h">
      <Filter>Airframe</Filter>
    </ClInclude>
    <ClInclude Include="Parts\CookpitParts.h">
      <Filter>Airframe</Filter>
    </ClInclude>
    <ClInclude Include="Engine\Define.h">
      <Filter>Engine</Filter>
    </ClInclude>
    <ClInclude Include="Engine\Direct3D.h">
      <Filter>Engine</Filter>
    </ClInclude>
    <ClInclude Include="Engine\Fbx.h">
      <Filter>Engine</Filter>
    </ClInclude>
    <ClInclude Include="Engine\GameObject.h">
      <Filter>Engine</Filter>
    </ClInclude>
    <ClInclude Include="Engine\Image.h">
      <Filter>Engine</Filter>
    </ClInclude>
    <ClInclude Include="Engine\Input.h">
      <Filter>Engine</Filter>
    </ClInclude>
    <ClInclude Include="Engine\Math.h">
      <Filter>Engine</Filter>
    </ClInclude>
    <ClInclude Include="Engine\Model.h">
      <Filter>Engine</Filter>
    </ClInclude>
    <ClInclude Include="Engine\RootJob.h">
      <Filter>Engine</Filter>
    </ClInclude>
    <ClInclude Include="Engine\SceneManager.h">
      <Filter>Engine</Filter>
    </ClInclude>
    <ClInclude Include="Engine\SphereCollider.h">
      <Filter>Engine</Filter>
    </ClInclude>
    <ClInclude Include="Engine\Sprite.h">
      <Filter>Engine</Filter>
    </ClInclude>
    <ClInclude Include="Engine\Texture.h">
      <Filter>Engine</Filter>
    </ClInclude>
    <ClInclude Include="Engine\Transform.h">
      <Filter>Engine</Filter>
    </ClInclude>
    <ClInclude Include="Parts\WingParts.h">
      <Filter>Airframe</Filter>
    </ClInclude>
    <ClInclude Include="Parts\EnginParts.h">
      <Filter>Airframe</Filter>
    </ClInclude>
    <ClInclude Include="Parts\Parts.h">
      <Filter>Airframe</Filter>
    </ClInclude>
    <ClInclude Include="Parts\PartsUnion.h">
      <Filter>Airframe</Filter>
    </ClInclude>
    <ClInclude Include="Image\CouseMap.h">
      <Filter>Image</Filter>
    </ClInclude>
    <ClInclude Include="Icon\PlayerIcon.h">
      <Filter>Airframe</Filter>
    </ClInclude>
    <ClInclude Include="Icon\AirframeIcon.h">
      <Filter>Airframe</Filter>
    </ClInclude>
    <ClInclude Include="Icon\ComputerIcon.h">
      <Filter>Airframe</Filter>
    </ClInclude>
    <ClInclude Include="Player.h">
      <Filter>Airframe</Filter>
    </ClInclude>
    <ClInclude Include="Image\BeforCustomImage.h">
      <Filter>Image\Custom</Filter>
    </ClInclude>
    <ClInclude Include="Image\AfterCustomImage.h">
      <Filter>Image\Custom</Filter>
    </ClInclude>
    <ClInclude Include="Image\ChangeStatus.h">
      <Filter>Image\Custom</Filter>
    </ClInclude>
    <ClInclude Include="Image\CurrentStatus.h">
      <Filter>Image\Custom</Filter>
    </ClInclude>
    <ClInclude Include="Image\OriginalStatus.h">
      <Filter>Image\Custom</Filter>
    </ClInclude>
    <ClInclude Include="Image\PartsList.h">
      <Filter>Image\Custom</Filter>
    </ClInclude>
    <ClInclude Include="Image\Background.h">
      <Filter>Image\Background</Filter>
    </ClInclude>
    <ClInclude Include="Image\LobbyBackground.h">
      <Filter>Image\Background</Filter>
    </ClInclude>
    <ClInclude Include="Image\MatchingBackground.h">
      <Filter>Image\Background</Filter>
    </ClInclude>
    <ClInclude Include="Image\PlayBackground.h">
      <Filter>Image\Background</Filter>
    </ClInclude>
    <ClInclude Include="Image\ButtonArrangement.h">
      <Filter>Image\Option</Filter>
    </ClInclude>
    <ClInclude Include="Image\TitleImage.h">
      <Filter>Image\Title</Filter>
    </ClInclude>
    <ClInclude Include="Image\TitleName.h">
      <Filter>Image\Title</Filter>
    </ClInclude>
    <ClInclude Include="Image\LobbyImage.h">
      <Filter>Image\Lobby</Filter>
    </ClInclude>
    <ClInclude Include="Image\ModeSelection.h">
      <Filter>Image\Lobby</Filter>
    </ClInclude>
    <ClInclude Include="Image\ResultImage.h">
      <Filter>Image\Result</Filter>
    </ClInclude>
    <ClInclude Include="Image\MatchingCourse.h">
      <Filter>Image\Matching</Filter>
    </ClInclude>
    <ClInclude Include="Image\MatchingImage.h">
      <Filter>Image\Matching</Filter>
    </ClInclude>
    <ClInclude Include="CustomScene.h">
      <Filter>Scene\Custom</Filter>
    </ClInclude>
    <ClInclude Include="LobbyScene.h">
      <Filter>Scene\Lobby</Filter>
    </ClInclude>
    <ClInclude Include="MatchingScene.h">
      <Filter>Scene\Matching</Filter>
    </ClInclude>
    <ClInclude Include="OptionScene.h">
      <Filter>Scene\Option</Filter>
    </ClInclude>
    <ClInclude Include="PlayScene.h">
      <Filter>Scene\Play</Filter>
    </ClInclude>
    <ClInclude Include="ResultScene.h">
      <Filter>Scene\Result</Filter>
    </ClInclude>
    <ClInclude Include="TitleScene.h">
      <Filter>Scene\Title</Filter>
    </ClInclude>
    <ClInclude Include="SplashScene.h">
      <Filter>Scene\Splash</Filter>
    </ClInclude>
    <ClInclude Include="Image\OptionImage.h">
      <Filter>Image\Option</Filter>
    </ClInclude>
  </ItemGroup>
  <ItemGroup>
    <Filter Include="Scene">
      <UniqueIdentifier>{93feb0dc-4912-4bef-b2c4-52d421c10855}</UniqueIdentifier>
    </Filter>
    <Filter Include="Airframe">
      <UniqueIdentifier>{5cacc287-9a17-4cc9-9b68-ef73271daa57}</UniqueIdentifier>
    </Filter>
    <Filter Include="Engine">
      <UniqueIdentifier>{a05ffb72-3b7b-4ee4-846c-14653758724a}</UniqueIdentifier>
    </Filter>
    <Filter Include="Image">
      <UniqueIdentifier>{c6ca5087-dcaf-4f3c-9224-e52d88c29e57}</UniqueIdentifier>
    </Filter>
    <Filter Include="Image\Custom">
      <UniqueIdentifier>{cf959932-5124-4292-a3e6-75c87a8ffe79}</UniqueIdentifier>
    </Filter>
    <Filter Include="Image\Background">
      <UniqueIdentifier>{d84b411b-df04-4183-bcbf-7272c23cfea6}</UniqueIdentifier>
    </Filter>
    <Filter Include="Image\Title">
      <UniqueIdentifier>{428130c8-f8e0-4db7-b3ec-ac723c1a218c}</UniqueIdentifier>
    </Filter>
    <Filter Include="Image\Lobby">
      <UniqueIdentifier>{a7e4afc7-b5b6-4b25-94b3-aa8cf55cd598}</UniqueIdentifier>
    </Filter>
    <Filter Include="Image\Result">
      <UniqueIdentifier>{001f4e19-f4a6-4c93-96c0-f0cd237924a7}</UniqueIdentifier>
    </Filter>
    <Filter Include="Image\Matching">
      <UniqueIdentifier>{ecbfe778-0d91-4b32-b5e8-7188fc360a21}</UniqueIdentifier>
    </Filter>
    <Filter Include="Image\Option">
      <UniqueIdentifier>{eddbfa24-4bbd-4f4b-9c49-2fc51d929292}</UniqueIdentifier>
    </Filter>
    <Filter Include="Scene\Option">
      <UniqueIdentifier>{e8bc27b0-57c3-4c8a-a431-96e48a042d27}</UniqueIdentifier>
    </Filter>
    <Filter Include="Scene\Custom">
      <UniqueIdentifier>{eaf9a9e1-553a-4986-af07-fccbca26a5df}</UniqueIdentifier>
    </Filter>
    <Filter Include="Scene\Lobby">
      <UniqueIdentifier>{e91d87d7-8751-4935-a4ea-3881d59396be}</UniqueIdentifier>
    </Filter>
    <Filter Include="Scene\Matching">
      <UniqueIdentifier>{a2ea7627-d79c-4639-9f47-71e7d0bc790f}</UniqueIdentifier>
    </Filter>
    <Filter Include="Scene\Play">
      <UniqueIdentifier>{25696f78-285b-4be2-aa3c-51e9504223ef}</UniqueIdentifier>
    </Filter>
    <Filter Include="Scene\Result">
      <UniqueIdentifier>{3858a09f-7746-4626-b2a1-46ccb5d6910b}</UniqueIdentifier>
    </Filter>
    <Filter Include="Scene\Title">
      <UniqueIdentifier>{c610e050-a7fb-4c75-9843-8fbf283de0dc}</UniqueIdentifier>
    </Filter>
    <Filter Include="Scene\Splash">
      <UniqueIdentifier>{a1a3d361-ef8e-49ee-b64c-22c13e83aa81}</UniqueIdentifier>
    </Filter>
  </ItemGroup>
</Project>